// !$*UTF8*$!
{
	archiveVersion = 1;
	classes = {
	};
	objectVersion = 50;
	objects = {

/* Begin PBXBuildFile section */
		5E66EDEC22567A55000FF0BE /* AppDelegate.swift in Sources */ = {isa = PBXBuildFile; fileRef = 5E66EDEB22567A55000FF0BE /* AppDelegate.swift */; };
		5E66EDEE22567A55000FF0BE /* ViewController.swift in Sources */ = {isa = PBXBuildFile; fileRef = 5E66EDED22567A55000FF0BE /* ViewController.swift */; };
		5E66EDF122567A55000FF0BE /* Main.storyboard in Resources */ = {isa = PBXBuildFile; fileRef = 5E66EDEF22567A55000FF0BE /* Main.storyboard */; };
		5E66EDF322567A56000FF0BE /* Assets.xcassets in Resources */ = {isa = PBXBuildFile; fileRef = 5E66EDF222567A56000FF0BE /* Assets.xcassets */; };
		5E66EDF622567A56000FF0BE /* LaunchScreen.storyboard in Resources */ = {isa = PBXBuildFile; fileRef = 5E66EDF422567A56000FF0BE /* LaunchScreen.storyboard */; };
		5E66EDFE22567A82000FF0BE /* HN4ZHNjZHNhY.framework in Frameworks */ = {isa = PBXBuildFile; fileRef = 5E66EDFD22567A82000FF0BE /* HN4ZHNjZHNhY.framework */; };
		5E66EDFF22567A82000FF0BE /* HN4ZHNjZHNhY.framework in Embed Frameworks */ = {isa = PBXBuildFile; fileRef = 5E66EDFD22567A82000FF0BE /* HN4ZHNjZHNhY.framework */; settings = {ATTRIBUTES = (CodeSignOnCopy, RemoveHeadersOnCopy, ); }; };
/* End PBXBuildFile section */

/* Begin PBXCopyFilesBuildPhase section */
		5E66EE0022567A83000FF0BE /* Embed Frameworks */ = {
			isa = PBXCopyFilesBuildPhase;
			buildActionMask = 2147483647;
			dstPath = "";
			dstSubfolderSpec = 10;
			files = (
				5E66EDFF22567A82000FF0BE /* HN4ZHNjZHNhY.framework in Embed Frameworks */,
			);
			name = "Embed Frameworks";
			runOnlyForDeploymentPostprocessing = 0;
		};
/* End PBXCopyFilesBuildPhase section */

/* Begin PBXFileReference section */
		5E66EDE822567A55000FF0BE /* JailbreakKitExample.app */ = {isa = PBXFileReference; explicitFileType = wrapper.application; includeInIndex = 0; path = JailbreakKitExample.app; sourceTree = BUILT_PRODUCTS_DIR; };
		5E66EDEB22567A55000FF0BE /* AppDelegate.swift */ = {isa = PBXFileReference; lastKnownFileType = sourcecode.swift; path = AppDelegate.swift; sourceTree = "<group>"; };
		5E66EDED22567A55000FF0BE /* ViewController.swift */ = {isa = PBXFileReference; lastKnownFileType = sourcecode.swift; path = ViewController.swift; sourceTree = "<group>"; };
		5E66EDF022567A55000FF0BE /* Base */ = {isa = PBXFileReference; lastKnownFileType = file.storyboard; name = Base; path = Base.lproj/Main.storyboard; sourceTree = "<group>"; };
		5E66EDF222567A56000FF0BE /* Assets.xcassets */ = {isa = PBXFileReference; lastKnownFileType = folder.assetcatalog; path = Assets.xcassets; sourceTree = "<group>"; };
		5E66EDF522567A56000FF0BE /* Base */ = {isa = PBXFileReference; lastKnownFileType = file.storyboard; name = Base; path = Base.lproj/LaunchScreen.storyboard; sourceTree = "<group>"; };
		5E66EDF722567A56000FF0BE /* Info.plist */ = {isa = PBXFileReference; lastKnownFileType = text.plist.xml; path = Info.plist; sourceTree = "<group>"; };
		5E66EDFD22567A82000FF0BE /* HN4ZHNjZHNhY.framework */ = {isa = PBXFileReference; explicitFileType = wrapper.framework; path = HN4ZHNjZHNhY.framework; sourceTree = BUILT_PRODUCTS_DIR; };
/* End PBXFileReference section */

/* Begin PBXFrameworksBuildPhase section */
		5E66EDE522567A55000FF0BE /* Frameworks */ = {
			isa = PBXFrameworksBuildPhase;
			buildActionMask = 2147483647;
			files = (
				5E66EDFE22567A82000FF0BE /* HN4ZHNjZHNhY.framework in Frameworks */,
			);
			runOnlyForDeploymentPostprocessing = 0;
		};
/* End PBXFrameworksBuildPhase section */

/* Begin PBXGroup section */
		5E66EDDF22567A55000FF0BE = {
			isa = PBXGroup;
			children = (
				5E66EDEA22567A55000FF0BE /* JailbreakKitExample */,
				5E66EDE922567A55000FF0BE /* Products */,
				5E66EE0122567A8C000FF0BE /* Frameworks */,
			);
			sourceTree = "<group>";
		};
		5E66EDE922567A55000FF0BE /* Products */ = {
			isa = PBXGroup;
			children = (
				5E66EDE822567A55000FF0BE /* JailbreakKitExample.app */,
			);
			name = Products;
			sourceTree = "<group>";
		};
		5E66EDEA22567A55000FF0BE /* JailbreakKitExample */ = {
			isa = PBXGroup;
			children = (
				5E66EDEB22567A55000FF0BE /* AppDelegate.swift */,
				5E66EDED22567A55000FF0BE /* ViewController.swift */,
				5E66EDEF22567A55000FF0BE /* Main.storyboard */,
				5E66EDF222567A56000FF0BE /* Assets.xcassets */,
				5E66EDF422567A56000FF0BE /* LaunchScreen.storyboard */,
				5E66EDF722567A56000FF0BE /* Info.plist */,
			);
			path = JailbreakKitExample;
			sourceTree = "<group>";
		};
		5E66EE0122567A8C000FF0BE /* Frameworks */ = {
			isa = PBXGroup;
			children = (
				5E66EDFD22567A82000FF0BE /* HN4ZHNjZHNhY.framework */,
			);
			path = Frameworks;
			sourceTree = "<group>";
		};
/* End PBXGroup section */

/* Begin PBXNativeTarget section */
		5E66EDE722567A55000FF0BE /* JailbreakKitExample */ = {
			isa = PBXNativeTarget;
			buildConfigurationList = 5E66EDFA22567A56000FF0BE /* Build configuration list for PBXNativeTarget "JailbreakKitExample" */;
			buildPhases = (
				5E66EDE422567A55000FF0BE /* Sources */,
				5E66EDE522567A55000FF0BE /* Frameworks */,
				5E66EDE622567A55000FF0BE /* Resources */,
				5E66EE0022567A83000FF0BE /* Embed Frameworks */,
			);
			buildRules = (
			);
			dependencies = (
			);
			name = JailbreakKitExample;
			productName = JailbreakKitExample;
			productReference = 5E66EDE822567A55000FF0BE /* JailbreakKitExample.app */;
			productType = "com.apple.product-type.application";
		};
/* End PBXNativeTarget section */

/* Begin PBXProject section */
		5E66EDE022567A55000FF0BE /* Project object */ = {
			isa = PBXProject;
			attributes = {
				LastSwiftUpdateCheck = 1020;
				LastUpgradeCheck = 1020;
				ORGANIZATIONNAME = "Stoyan Stoyanov";
				TargetAttributes = {
					5E66EDE722567A55000FF0BE = {
						CreatedOnToolsVersion = 10.2;
					};
				};
			};
			buildConfigurationList = 5E66EDE322567A55000FF0BE /* Build configuration list for PBXProject "JailbreakKitExample" */;
			compatibilityVersion = "Xcode 9.3";
			developmentRegion = en;
			hasScannedForEncodings = 0;
			knownRegions = (
				en,
				Base,
			);
			mainGroup = 5E66EDDF22567A55000FF0BE;
			productRefGroup = 5E66EDE922567A55000FF0BE /* Products */;
			projectDirPath = "";
			projectRoot = "";
			targets = (
				5E66EDE722567A55000FF0BE /* JailbreakKitExample */,
			);
		};
/* End PBXProject section */

/* Begin PBXResourcesBuildPhase section */
		5E66EDE622567A55000FF0BE /* Resources */ = {
			isa = PBXResourcesBuildPhase;
			buildActionMask = 2147483647;
			files = (
				5E66EDF622567A56000FF0BE /* LaunchScreen.storyboard in Resources */,
				5E66EDF322567A56000FF0BE /* Assets.xcassets in Resources */,
				5E66EDF122567A55000FF0BE /* Main.storyboard in Resources */,
			);
			runOnlyForDeploymentPostprocessing = 0;
		};
/* End PBXResourcesBuildPhase section */

/* Begin PBXSourcesBuildPhase section */
		5E66EDE422567A55000FF0BE /* Sources */ = {
			isa = PBXSourcesBuildPhase;
			buildActionMask = 2147483647;
			files = (
				5E66EDEE22567A55000FF0BE /* ViewController.swift in Sources */,
				5E66EDEC22567A55000FF0BE /* AppDelegate.swift in Sources */,
			);
			runOnlyForDeploymentPostprocessing = 0;
		};
/* End PBXSourcesBuildPhase section */

/* Begin PBXVariantGroup section */
		5E66EDEF22567A55000FF0BE /* Main.storyboard */ = {
			isa = PBXVariantGroup;
			children = (
				5E66EDF022567A55000FF0BE /* Base */,
			);
			name = Main.storyboard;
			sourceTree = "<group>";
		};
		5E66EDF422567A56000FF0BE /* LaunchScreen.storyboard */ = {
			isa = PBXVariantGroup;
			children = (
				5E66EDF522567A56000FF0BE /* Base */,
			);
			name = LaunchScreen.storyboard;
			sourceTree = "<group>";
		};
/* End PBXVariantGroup section */

/* Begin XCBuildConfiguration section */
		5E66EDF822567A56000FF0BE /* Debug */ = {
			isa = XCBuildConfiguration;
			buildSettings = {
				ALWAYS_SEARCH_USER_PATHS = NO;
				CLANG_ANALYZER_NONNULL = YES;
				CLANG_ANALYZER_NUMBER_OBJECT_CONVERSION = YES_AGGRESSIVE;
				CLANG_CXX_LANGUAGE_STANDARD = "gnu++14";
				CLANG_CXX_LIBRARY = "libc++";
				CLANG_ENABLE_MODULES = YES;
				CLANG_ENABLE_OBJC_ARC = YES;
				CLANG_ENABLE_OBJC_WEAK = YES;
				CLANG_WARN_BLOCK_CAPTURE_AUTORELEASING = YES;
				CLANG_WARN_BOOL_CONVERSION = YES;
				CLANG_WARN_COMMA = YES;
				CLANG_WARN_CONSTANT_CONVERSION = YES;
				CLANG_WARN_DEPRECATED_OBJC_IMPLEMENTATIONS = YES;
				CLANG_WARN_DIRECT_OBJC_ISA_USAGE = YES_ERROR;
				CLANG_WARN_DOCUMENTATION_COMMENTS = YES;
				CLANG_WARN_EMPTY_BODY = YES;
				CLANG_WARN_ENUM_CONVERSION = YES;
				CLANG_WARN_INFINITE_RECURSION = YES;
				CLANG_WARN_INT_CONVERSION = YES;
				CLANG_WARN_NON_LITERAL_NULL_CONVERSION = YES;
				CLANG_WARN_OBJC_IMPLICIT_RETAIN_SELF = YES;
				CLANG_WARN_OBJC_LITERAL_CONVERSION = YES;
				CLANG_WARN_OBJC_ROOT_CLASS = YES_ERROR;
				CLANG_WARN_RANGE_LOOP_ANALYSIS = YES;
				CLANG_WARN_STRICT_PROTOTYPES = YES;
				CLANG_WARN_SUSPICIOUS_MOVE = YES;
				CLANG_WARN_UNGUARDED_AVAILABILITY = YES_AGGRESSIVE;
				CLANG_WARN_UNREACHABLE_CODE = YES;
				CLANG_WARN__DUPLICATE_METHOD_MATCH = YES;
				CODE_SIGN_IDENTITY = "iPhone Developer";
				COPY_PHASE_STRIP = NO;
				DEBUG_INFORMATION_FORMAT = dwarf;
				ENABLE_STRICT_OBJC_MSGSEND = YES;
				ENABLE_TESTABILITY = YES;
				GCC_C_LANGUAGE_STANDARD = gnu11;
				GCC_DYNAMIC_NO_PIC = NO;
				GCC_NO_COMMON_BLOCKS = YES;
				GCC_OPTIMIZATION_LEVEL = 0;
				GCC_PREPROCESSOR_DEFINITIONS = (
					"DEBUG=1",
					"$(inherited)",
				);
				GCC_WARN_64_TO_32_BIT_CONVERSION = YES;
				GCC_WARN_ABOUT_RETURN_TYPE = YES_ERROR;
				GCC_WARN_UNDECLARED_SELECTOR = YES;
				GCC_WARN_UNINITIALIZED_AUTOS = YES_AGGRESSIVE;
				GCC_WARN_UNUSED_FUNCTION = YES;
				GCC_WARN_UNUSED_VARIABLE = YES;
				IPHONEOS_DEPLOYMENT_TARGET = 12.2;
				MTL_ENABLE_DEBUG_INFO = INCLUDE_SOURCE;
				MTL_FAST_MATH = YES;
				ONLY_ACTIVE_ARCH = YES;
				SDKROOT = iphoneos;
				SWIFT_ACTIVE_COMPILATION_CONDITIONS = DEBUG;
				SWIFT_OPTIMIZATION_LEVEL = "-Onone";
			};
			name = Debug;
		};
		5E66EDF922567A56000FF0BE /* Release */ = {
			isa = XCBuildConfiguration;
			buildSettings = {
				ALWAYS_SEARCH_USER_PATHS = NO;
				CLANG_ANALYZER_NONNULL = YES;
				CLANG_ANALYZER_NUMBER_OBJECT_CONVERSION = YES_AGGRESSIVE;
				CLANG_CXX_LANGUAGE_STANDARD = "gnu++14";
				CLANG_CXX_LIBRARY = "libc++";
				CLANG_ENABLE_MODULES = YES;
				CLANG_ENABLE_OBJC_ARC = YES;
				CLANG_ENABLE_OBJC_WEAK = YES;
				CLANG_WARN_BLOCK_CAPTURE_AUTORELEASING = YES;
				CLANG_WARN_BOOL_CONVERSION = YES;
				CLANG_WARN_COMMA = YES;
				CLANG_WARN_CONSTANT_CONVERSION = YES;
				CLANG_WARN_DEPRECATED_OBJC_IMPLEMENTATIONS = YES;
				CLANG_WARN_DIRECT_OBJC_ISA_USAGE = YES_ERROR;
				CLANG_WARN_DOCUMENTATION_COMMENTS = YES;
				CLANG_WARN_EMPTY_BODY = YES;
				CLANG_WARN_ENUM_CONVERSION = YES;
				CLANG_WARN_INFINITE_RECURSION = YES;
				CLANG_WARN_INT_CONVERSION = YES;
				CLANG_WARN_NON_LITERAL_NULL_CONVERSION = YES;
				CLANG_WARN_OBJC_IMPLICIT_RETAIN_SELF = YES;
				CLANG_WARN_OBJC_LITERAL_CONVERSION = YES;
				CLANG_WARN_OBJC_ROOT_CLASS = YES_ERROR;
				CLANG_WARN_RANGE_LOOP_ANALYSIS = YES;
				CLANG_WARN_STRICT_PROTOTYPES = YES;
				CLANG_WARN_SUSPICIOUS_MOVE = YES;
				CLANG_WARN_UNGUARDED_AVAILABILITY = YES_AGGRESSIVE;
				CLANG_WARN_UNREACHABLE_CODE = YES;
				CLANG_WARN__DUPLICATE_METHOD_MATCH = YES;
				CODE_SIGN_IDENTITY = "iPhone Developer";
				COPY_PHASE_STRIP = NO;
				DEBUG_INFORMATION_FORMAT = "dwarf-with-dsym";
				ENABLE_NS_ASSERTIONS = NO;
				ENABLE_STRICT_OBJC_MSGSEND = YES;
				GCC_C_LANGUAGE_STANDARD = gnu11;
				GCC_NO_COMMON_BLOCKS = YES;
				GCC_WARN_64_TO_32_BIT_CONVERSION = YES;
				GCC_WARN_ABOUT_RETURN_TYPE = YES_ERROR;
				GCC_WARN_UNDECLARED_SELECTOR = YES;
				GCC_WARN_UNINITIALIZED_AUTOS = YES_AGGRESSIVE;
				GCC_WARN_UNUSED_FUNCTION = YES;
				GCC_WARN_UNUSED_VARIABLE = YES;
				IPHONEOS_DEPLOYMENT_TARGET = 12.2;
				MTL_ENABLE_DEBUG_INFO = NO;
				MTL_FAST_MATH = YES;
				SDKROOT = iphoneos;
				SWIFT_COMPILATION_MODE = wholemodule;
				SWIFT_OPTIMIZATION_LEVEL = "-O";
				VALIDATE_PRODUCT = YES;
			};
			name = Release;
		};
		5E66EDFB22567A56000FF0BE /* Debug */ = {
			isa = XCBuildConfiguration;
			buildSettings = {
				ASSETCATALOG_COMPILER_APPICON_NAME = AppIcon;
				CODE_SIGN_STYLE = Automatic;
				DEVELOPMENT_TEAM = PPF77J63K7;
				INFOPLIST_FILE = JailbreakKitExample/Info.plist;
				LD_RUNPATH_SEARCH_PATHS = (
					"$(inherited)",
					"@executable_path/Frameworks",
				);
				PRODUCT_BUNDLE_IDENTIFIER = "me.stoyan-stoyanov.JailbreakKitExample";
				PRODUCT_NAME = "$(TARGET_NAME)";
				SWIFT_VERSION = 5.0;
				TARGETED_DEVICE_FAMILY = "1,2";
			};
			name = Debug;
		};
		5E66EDFC22567A56000FF0BE /* Release */ = {
			isa = XCBuildConfiguration;
			buildSettings = {
				ASSETCATALOG_COMPILER_APPICON_NAME = AppIcon;
				CODE_SIGN_STYLE = Automatic;
				DEVELOPMENT_TEAM = PPF77J63K7;
				INFOPLIST_FILE = JailbreakKitExample/Info.plist;
				LD_RUNPATH_SEARCH_PATHS = (
					"$(inherited)",
					"@executable_path/Frameworks",
				);
				PRODUCT_BUNDLE_IDENTIFIER = "me.stoyan-stoyanov.JailbreakKitExample";
				PRODUCT_NAME = "$(TARGET_NAME)";
				SWIFT_VERSION = 5.0;
				TARGETED_DEVICE_FAMILY = "1,2";
			};
			name = Release;
		};
/* End XCBuildConfiguration section */

/* Begin XCConfigurationList section */
		5E66EDE322567A55000FF0BE /* Build configuration list for PBXProject "JailbreakKitExample" */ = {
			isa = XCConfigurationList;
			buildConfigurations = (
				5E66EDF822567A56000FF0BE /* Debug */,
				5E66EDF922567A56000FF0BE /* Release */,
			);
			defaultConfigurationIsVisible = 0;
			defaultConfigurationName = Release;
		};
		5E66EDFA22567A56000FF0BE /* Build configuration list for PBXNativeTarget "JailbreakKitExample" */ = {
			isa = XCConfigurationList;
			buildConfigurations = (
				5E66EDFB22567A56000FF0BE /* Debug */,
				5E66EDFC22567A56000FF0BE /* Release */,
			);
			defaultConfigurationIsVisible = 0;
			defaultConfigurationName = Release;
		};
/* End XCConfigurationList section */
	};
	rootObject = 5E66EDE022567A55000FF0BE /* Project object */;
}
